
Microsoft Visual Studio Solution File, Format Version 12.00
# Visual Studio Version 16
VisualStudioVersion = 16.0.30128.74
MinimumVisualStudioVersion = 10.0.40219.1
Project("{9A19103F-16F7-4668-BE54-9A1E7A4F7556}") = "OlympiadApp", "OlympiadApp\OlympiadApp.csproj", "{1E6E08F7-D67B-4C63-9BE6-BCF9087D519C}"
EndProject
Project("{FAE04EC0-301F-11D3-BF4B-00C04F79EFBC}") = "OlympiadStatistic", "OlympiadStatistic\OlympiadStatistic.csproj", "{F88CEF97-83F7-43D2-889C-DC774F964A75}"
EndProject
Global
	GlobalSection(SolutionConfigurationPlatforms) = preSolution
		Debug|Any CPU = Debug|Any CPU
		Release|Any CPU = Release|Any CPU
	EndGlobalSection
	GlobalSection(ProjectConfigurationPlatforms) = postSolution
		{1E6E08F7-D67B-4C63-9BE6-BCF9087D519C}.Debug|Any CPU.ActiveCfg = Debug|Any CPU
		{1E6E08F7-D67B-4C63-9BE6-BCF9087D519C}.Debug|Any CPU.Build.0 = Debug|Any CPU
		{1E6E08F7-D67B-4C63-9BE6-BCF9087D519C}.Release|Any CPU.ActiveCfg = Release|Any CPU
		{1E6E08F7-D67B-4C63-9BE6-BCF9087D519C}.Release|Any CPU.Build.0 = Release|Any CPU
		{F88CEF97-83F7-43D2-889C-DC774F964A75}.Debug|Any CPU.ActiveCfg = Debug|Any CPU
		{F88CEF97-83F7-43D2-889C-DC774F964A75}.Debug|Any CPU.Build.0 = Debug|Any CPU
		{F88CEF97-83F7-43D2-889C-DC774F964A75}.Release|Any CPU.ActiveCfg = Release|Any CPU
		{F88CEF97-83F7-43D2-889C-DC774F964A75}.Release|Any CPU.Build.0 = Release|Any CPU
	EndGlobalSection
	GlobalSection(SolutionProperties) = preSolution
		HideSolutionNode = FALSE
	EndGlobalSection
	GlobalSection(ExtensibilityGlobals) = postSolution
		SolutionGuid = {1F353DA3-24AC-486D-A7C7-A4A328132B12}
	EndGlobalSection
EndGlobal
